github.com/bytedance/sonic v1.10.2 h1:GQebETVS0ZILJrq14b2/d/4S6Dp8dEYljbHxct/t/U=
github.com/bytedance/sonic v1.10.2/go.mod h1:iZcSUejc5j2JY41sQnUVQJutalzaqaLlxfSXIjM/XE=
github.com/cespare/xxhash/v2 v2.2.0 h1:DC2jBO9SGepWL/WuBkSEZWMBCVuN6yGxTRHAuFoQKs=
github.com/cespare/xxhash/v2 v2.2.0/go.mod h1:VGX0DQ3Q6Gyn05s9cqQ9MRvrxWuEAKwstM9IcariI8=
github.com/chenzhuoyu/base64x v0.0.0-20230717121745-296ad89f973d h1:77cEq6EriyTZ0g/9u+JwCex2MUGS6m+FNTHTM3msTs=
github.com/chenzhuoyu/base64x v0.0.0-20230717121745-296ad89f973d/go.mod h1:8EPpVsBNU+2FU/sqL38pCHeGyqasShY2vDsgAcqtoc=
github.com/chenzhuoyu/iasm v0.9.1 h1:tUHQJXo3dsTcwnyiE15XfsFfV14in9DjL0FUrKeDRA=
github.com/chenzhuoyu/iasm v0.9.1/go.mod h1:Xjy2NpN3h7aUL4LBjJHJ3R8jyXZ7Oj+An6bg/nnj8=
github.com/davecgh/go-spew v1.1.1 h1:vj9j/33wvWOVHUeol69SrtqUnQjo+N8WhVTubzLw98=
github.com/davecgh/go-spew v1.1.1/go.mod h1:J7Y8YcW2NihsgmVo/mv3lAwl/skON4iLHjSsI+c5H8=
github.com/dgryski/go-rendezvous v0.0.0-20200823014737-9f7001d12a5f h1:lO4WD4F/rVNCu3PVTjOVJ7StvaSttknMthm9vyNi2rg=
github.com/dgryski/go-rendezvous v0.0.0-20200823014737-9f7001d12a5f/go.mod h1:Sr/LhV4ckvDEqmXEVMVJQc7wXC6XQhxBcwX70SYSf8=
github.com/gabriel-vasile/mimetype v1.4.3 h1:in2uUcidCuFcDKtdcBIPFfeAKoumn5zluJqonfMg3Q=
github.com/gabriel-vasile/mimetype v1.4.3/go.mod h1:d/NzQfuwnRomIvAznve/qTE1ByrXP1JNfK2D7SemQg=
github.com/gin-contrib/cors v1.5.0 h1:+qnvyVQKtB3t+qmRvJmKBLnrKUutNYMv0lQ/N2qISw=
github.com/gin-contrib/cors v1.5.0/go.mod h1:lfIIchiKOiV3jj3svkE+DRlTIOqPvhg3I42Ppy7ISc=
github.com/gin-contrib/sse v0.1.0 h1:Y/yl/+YNO8GZSvPWZLSlLxNFrFV7oMjs8yV9F+qwFI=
github.com/gin-contrib/sse v0.1.0/go.mod h1:RHrZDDK7/u+qLCihIQUMzCzzvZhWXqPsmBMY9Y2/Qg=
github.com/gin-gonic/gin v1.9.1 h1:4idEAncQnU5cB7BeOkPtxjfCSye0AAm1R0RVIqJ+Jmg=
github.com/gin-gonic/gin v1.9.1/go.mod h1:hPrL7YrpYKXt5YId3xeoDqJjw5Aw8wtLsAFun5KCia=
github.com/go-playground/assert/v2 v2.2.0 h1:JvknZsQTYeFEWhNV8jOvNNtX50jmJ8Z/nwASETmjZc=
github.com/go-playground/assert/v2 v2.2.0/go.mod h1:VDjEfimB/XKnCa2rvD87LzC6L2HS2oe/b+q75d39Ot=
github.com/go-playground/locales v0.14.1 h1:EWaQ/wswjilfWFLKocdOm+pQ0+IVEg92D55KcScqXcY=
github.com/go-playground/locales v0.14.1/go.mod h1:hxrqLVvrK65+Rwrd5Fc4F9gKu0/+SYOu9doDpGeH0c=
github.com/go-playground/universal-translator v0.18.1 h1:Bcnm0ZwsGyWbxAxly3gORkdqIg6p5DOTJ8fs2hF670=
github.com/go-playground/universal-translator v0.18.1/go.mod h1:xekY+UJKNuX9WP91TpwSH2VMlDf28Uj24BCp08ZFTQ=
github.com/go-playground/validator/v10 v10.16.0 h1:x+plE831WK4vaKHO/jpgUGsvLKIqRRkz6M78GuJAfI=
github.com/go-playground/validator/v10 v10.16.0/go.mod h1:9iRZkOVmawaji2Ks6gkMt8SNQgU0C7+S2FGI8gBdMs=
github.com/goccy/go-json v0.10.2 h1:CqyvLINn/BJcgcncsAQA1NjVNn9/8stDsYNYi7mHQU=
github.com/goccy/go-json v0.10.2/go.mod h1:6MelG93GURQsLFtJvs/MAsbtouir5LFS+0JKUcfPKI=
github.com/golang-jwt/jwt/v5 v5.2.0 h1:d/ix8ftRUorsN+5BcGkTKo6bKts5O2ylP9Ou4niiw8=
github.com/golang-jwt/jwt/v5 v5.2.0/go.mod h1:pqrtFR0X4osisvujLQluTiccBqK2yNUvy53fff3/+0=
github.com/golang-migrate/migrate/v4 v4.17.0 h1:m9+6kjR4n4XmreQNs/Ij0NsFq8C3RKjQ3i8gH5P+o4=
github.com/golang-migrate/migrate/v4 v4.17.0/go.mod h1:EEeAMBZd1VPh3v6+DfM2k9Hb10s8+hb0lIUNAOpLKo=
github.com/google/go-cmp v0.6.0 h1:ofyhxvXcNc1nwLMJeL5DLWduL36IQiOVY5gP9KqNMI=
github.com/google/go-cmp v0.6.0/go.mod h1:p6ysmY07dYotVVuwpgzjKuYuovEKsbQKp3sXzpvzpw=
github.com/google/uuid v1.6.0 h1:NIvaJDMOsjHA8n1jAhLSgzrAzy1twEj06RvQ718CvY=
github.com/google/uuid v1.6.0/go.mod h1:TIyPZe4MgqvfeYDBFedMoGGpEw/LqYLIAOt9guzb2hk=
github.com/hashicorp/errwrap v1.1.0 h1:OxrOeh00Gx2QoQ8CFOD0HSnVwvfau+uBxo7iIcc9A0=
github.com/hashicorp/errwrap v1.1.0/go.mod h1:YH+1FSD33+eTTQvpl9QY41JdLFT2dQGmWyy0XC/3u4=
github.com/hashicorp/go-multierror v1.1.1 h1:H5DkEtf6CXcItoAaKcQbO5V2SnKSA72+5z87rEUfiE=
github.com/hashicorp/go-multierror v1.1.1/go.mod h1:iNAD32Wvn7vWOk0P/e6ixsDvUAele0zNGVMUu1Htc0=
github.com/jackc/pgpassfile v1.0.0 h1:/6Hmqy13Ss2zCq62AdZ3H6FRh5th9V39D0B9qLt42I=
github.com/jackc/pgpassfile v1.0.0/go.mod h1:CEx0iS5ambQ56M7jHMEvrly9VKCljaQJJ7RWoYws0E=
github.com/jackc/pgservicefile v0.0.0-20231201235250-de7065d80cb9 h1:L0qtVB6HoUcVuEjXXEorm1eVrnKAIKu5adfPqssKL0=
github.com/jackc/pgservicefile v0.0.0-20231201235250-de7065d80cb9/go.mod h1:gEjKQCqvl1w6gZ+YLzGrB7PK5S1QqBPR0RIxkE1ybs=
github.com/jackc/pgx/v5 v5.5.1 h1:R2+qD5fshtuCvBr8eCUSWQRp5H1EACP0RoCxXMLj0E=
github.com/jackc/pgx/v5 v5.5.1/go.mod h1:Ig06C2Vu0YqXkXM1+IuvZwLeRUOC8/RwJiR8p7+6w0=
github.com/jackc/puddle/v2 v2.2.1 h1:RhxXJtFG022u4ibrCSMSzieDmwk1q+Oi7/0uV2QzA0=
github.com/jackc/puddle/v2 v2.2.1/go.mod h1:vriiEXLsCTN7vHkustXHIE29ItFMqMcUQItzIyVLmU=
github.com/jinzhu/inflection v1.0.0 h1:K7Qy7DsHi5Jw6knitgIGw3vhLdUK85YYP4YXD9JMaM=
github.com/jinzhu/inflection v1.0.0/go.mod h1:h+uFLlag+Qp1Va5pdKtLDYj+kHp5pxUVkryuEj+Srl=
github.com/jinzhu/now v1.1.5 h1:/o9tlvIAWK1jTjeFoMUH8+H0EuM+8EGaXJqNDk+u0E=
github.com/jinzhu/now v1.1.5/go.mod h1:d3SSVoowX0Luu7Is0OdSCRmkH4BZQl5cRyKQwpP5f0=
github.com/joho/godotenv v1.5.1 h1:7P4SfwW0EPJxKrzVL7ibJRAUZvIPc3xCGLWvQMUYkQ=
github.com/joho/godotenv v1.5.1/go.mod h1:f4LDr5Voq0i2e/R5DDNOoa2zzDfwtkZa6DxwEWR+0Y=
github.com/json-iterator/go v1.1.12 h1:PV8peI4nuLEXpc5TWw94afc/1ea3DUg4OjgH99Xy8c=
github.com/json-iterator/go v1.1.12/go.mod h1:e30LSqwooZae7abbtfrheIVYQq0zDA9yaW1NU22ivY=
github.com/klauspost/cpuid/v2 v2.2.6 h1:ndNyv040zDjMQyZWP/+8Uj/js+6FCOS+3/7F2B+0s0=
github.com/klauspost/cpuid/v2 v2.2.6/go.mod h1:Lcz8mBVAcQlpmccnY0dub04FHIconsQsc7dhK+euxo=
github.com/leodido/go-urn v1.2.4 h1:XlAE/cm/ms7TE/VMVoduSNrjSFQWcYvnm/ds2nVrXE=
github.com/leodido/go-urn v1.2.4/go.mod h1:7ZrI8mTSeBSLyF3I5S/kajV7VvVjZLAlrj5ioQ7QeY=
github.com/lib/pq v1.10.9 h1:YXG7RB+JIjhP29X+OtkiDnNstAoHWwMC+pDEoalgQc=
github.com/lib/pq v1.10.9/go.mod h1:AlVN5x4E4xnaC4m3nBecomp+P2fNfWL9KqkjhYc0xQ=
github.com/mattn/go-isatty v0.0.20 h1:xfD0iDuEKLC0E1rnLyLOv9KZr7E8pg5PhvyjI9cUFQ=
github.com/mattn/go-isatty v0.0.20/go.mod h1:W+V8PltTTMOvKvAeJH7RgZLE5THiO9p6sA8L1CMnY0=
github.com/modern-go/concurrent v0.0.0-20180306012644-bacd9c7ef1dd h1:TRLaZ9cD/w8kVeZkHvEfjC/QsYSshHewy9I77whRcblY=
github.com/modern-go/concurrent v0.0.0-20180306012644-bacd9c7ef1dd/go.mod h1:6dJC0mAP4ikYjZQapwIm/+Z6IEwlzcstBBjtsFOyQo=
github.com/modern-go/reflect2 v1.0.2 h1:xBagoLtFs94CBntxluKeaWgTMpvLxC4ur3nMaC9GAk=
github.com/modern-go/reflect2 v1.0.2/go.mod h1:yWuCS7NRJ7d/J7LqeKH7rB6py31nUm5QkjCFboltVQ=
github.com/pelletier/go-toml/v2 v2.1.1 h1:LKeor6g7emRyAxTntQosSiJRZpBgQQlmk8qrMH4Sk8=
github.com/pelletier/go-toml/v2 v2.1.1/go.mod h1:tJU2Z3ZkXwnNQB7IlQLZzDWL9JMZUkUvOaf+RjrvJ8=
github.com/pmezard/go-difflib v1.0.0 h1:4DBwDE3F9ExVMvadelTQQ5QJY+KyYGZfWarCWGmIC7=
github.com/pmezard/go-difflib v1.0.0/go.mod h1:8QtL25yYllEAstw48yHslCmrSAUQgn+VtIEWDbrccE=
github.com/redis/go-redis/v9 v9.3.0 h1:eelEWWBT9qn3Ls7doV3qd8YvE7M5qrMJ2HeLCisFI0=
github.com/redis/go-redis/v9 v9.3.0/go.mod h1:hdY0cQFCN4fnSYT6TkisLufl/42Rx3y1UjVgin2Og0=
github.com/stretchr/objx v0.5.0 h1:1zr/of2m5FGMARZTwJjSHP1K6aO2rss3cqwISJ8fWU=
github.com/stretchr/objx v0.5.0/go.mod h1:Yh+to48EsGEFIIqsPohPNxLVxORg+qaPLWAv9+6ITc=
github.com/stretchr/testify v1.8.4 h1:CcVxjf3Q8PM0mHUKJCdn+eZZtm5yQwehR5yeSVQQcUk=
github.com/stretchr/testify v1.8.4/go.mod h1:sz/wgYYOY7tUIupkVyZlsgoNbogZh7hIShwmsCMwFY=
github.com/twitchyliquid64/golang-asm v0.15.1 h1:SU5vSMR7hnlNxJ+75S+aUC/MDRmNRrt7zpnmHD5uQY=
github.com/twitchyliquid64/golang-asm v0.15.1/go.mod h1:a1lVb/DtPvCB8fslRZktrmGuffeLS+RwWPC/Zqf32I=
github.com/ugorji/go/codec v1.2.12 h1:9LC83zGehe4W8o+8t7ocqDXSW5eSTdWLwoKh7kNUmI=
github.com/ugorji/go/codec v1.2.12/go.mod h1:UNzGaxT87xLRn1r9pAXYk7atqvztwVecRI4ZZiQWIk=
go.uber.org/multierr v1.11.0 h1:blXXJkSGosDhsx7UzlHzNNGlug3/CmusLnus1awQP0=
go.uber.org/multierr v1.11.0/go.mod h1:20+QtiLqy0Nd6FtsakxQvArOo50MfilCNOEiiL9e7I=
go.uber.org/zap v1.26.0 h1:sI7k6L95XOKS281NhVKOFCUNIvv9e0w4BF8N3u+tCRo=
go.uber.org/zap v1.26.0/go.mod h1:dtElZfn8I8AoJmQ5YBgnMnVQwVFsSc64VIc+z5qDY8=
golang.org/x/arch v0.6.0 h1:S0JTfE48HbRj80+JL6pOeUx2VJaDRkzow3JabQQReDU=
golang.org/x/arch v0.6.0/go.mod h1:FEVrU/NFELSfNJWmneQiGIe7ljLhKoL0CPyjjPE+7I=
golang.org/x/crypto v0.17.0 h1:r8bRNjWL3GshPW2xiPH95au/Ih7HgLJm2Z9QWSVRiw=
golang.org/x/crypto v0.17.0/go.mod h1:gCAAfMLgwOJRpTjQ2zCCt2OcSfYMTeZVSRtQlPC7Nw=
golang.org/x/net v0.19.0 h1:zTwKpTd2XuCqf8huc7Foo7aPVM9Fs7nutupgk6w15Y=
golang.org/x/net v0.19.0/go.mod h1:CfAk/cbD4CthC7iZQzmDkQo1xmlyaojp1BMKDh3sKo=
golang.org/x/sync v0.5.0 h1:60k92dhOjHxJkrqnwsfl8KuX960J7MwIjC/SJD1g3w=
golang.org/x/sync v0.5.0/go.mod h1:Czt+wKu+jkqNcNyLVrwT4K8mguuXmLQnog1+8p2rjE=
golang.org/x/sys v0.15.0 h1:frVn1UL+V3QccnFWC4F1HWL+KuJNIoMX+3JRSCnc8I=
golang.org/x/sys v0.15.0/go.mod h1:/VUhepLMwvmVuS0/IKSOffbTzFLVTFqbomtkaSMEKI=
golang.org/x/text v0.14.0 h1:ScX5w1eTa60QWvWn96LLamb5ldiPT51nT3IYiSsMLg=
golang.org/x/text v0.14.0/go.mod h1:18ZOQIKpY8NJVvYQm46g2SKcPjuoo4D4iLzVyb9G9A=
google.golang.org/protobuf v1.31.0 h1:g0LDEJHgrBl9N9r17Ru3sqWhkIx2NB67okBHPwC7Yc=
google.golang.org/protobuf v1.31.0/go.mod h1:HV8QOToQSmxsTqxZgblAMEVF15OwyacqPm77V2cAkY=
gopkg.in/yaml.v3 v3.0.1 h1:fxVm/GzuluF/kuHKrZD8F/LURIqJ9SHaEYqueKZyF4=
gopkg.in/yaml.v3 v3.0.1/go.mod h1:K4uyk+87z8LWMt427/RP5nLw6iAFc1d9CqZm+5ZBZk=
gorm.io/datatypes v1.2.7 h1:bCLz7UW1D4hPTqVcTf6jJiKDSY0h7ayCqU+3ufBXGg=
gorm.io/datatypes v1.2.7/go.mod h1:z3j45Y+dGCQycVN7xWJwNlVcsKEXLTpbPkdvv3WvXfI=
gorm.io/driver/postgres v1.5.4 h1:j1FrFkLi0gp0cG/N6/E9Hqq7vD4b8q1V6/0H7Uotp8=
gorm.io/driver/postgres v1.5.4/go.mod h1:2f9zKNLxP9L8yXd/Bkq02GxI5wVv8P/xLrIFg8+k8=
gorm.io/gorm v1.25.5 h1:zR9lOiiYf09VNI3YIH0giYP8ogCBT3dQC06XZPUjnQ=
gorm.io/gorm v1.25.5/go.mod h1:hbnx/Oo0ChWMn1BIJwQ3sUjFqS2V0qmg0F2KbuDVFY=
